{
  "requires": true,
  "lockfileVersion": 1,
  "dependencies": {
    "@angular/animations": {
      "version": "6.1.0",
      "resolved": "https://registry.npmjs.org/@angular/animations/-/animations-6.1.0.tgz",
      "integrity": "sha512-9IJs1czyoOlgcaY3QUyQI0XeTFX45Qr/o5qlPrce240gi7TXbdJs3WIbLzxx7BhMf20GholCaOvSS3BZrNlFSA==",
      "requires": {
        "tslib": "^1.9.0"
      }
    },
    "primeicons": {
      "version": "1.0.0-beta.10",
      "resolved": "https://registry.npmjs.org/primeicons/-/primeicons-1.0.0-beta.10.tgz",
      "integrity": "sha512-kSXJdNWNYC4PmJInzYQDCPHjw8j7obmoxWaUVxV+RRmEKcOCmZabnDwihj7SQz38IRe1VNlLJlY/5As13C9TuA=="
    },
    "primeng": {
      "version": "6.0.2",
      "resolved": "https://registry.npmjs.org/primeng/-/primeng-6.0.2.tgz",
      "integrity": "sha512-NGR4i8Ure1XssshMCXUGAb1WRL9nL4aRK9UedeK58MwDIpJwQPVgm6ljv963u4XDApdkiMO2JHQ6gjwNZozMMg=="
    },
    "tslib": {
      "version": "1.9.3",
      "resolved": "https://registry.npmjs.org/tslib/-/tslib-1.9.3.tgz",
      "integrity": "sha512-4krF8scpejhaOgqzBEcGM7yDIEfi0/8+8zDRZhNZZ2kjmHJ4hv3zCbQWxoJGz1iw5U0Jl0nma13xzHXcncMavQ=="
    }
  }
}
